{
  "name": "resty",
  "lockfileVersion": 2,
  "requires": true,
  "packages": {
    "": {
      "devDependencies": {
        "eject": "^0.0.4",
        "test": "^0.6.0"
      }
    },
    "node_modules/adhere": {
      "version": "1.2.3",
      "resolved": "https://registry.npmjs.org/adhere/-/adhere-1.2.3.tgz",
      "integrity": "sha512-1ItBtLjSW2yNZ6gSaHeir5X3Om77u9H2iQuGoPMMHZMGpzTARRFMqPqr5Lz4LVMFWOBZO6U4P9GG7A8+j7n1pw==",
      "dev": true
    },
    "node_modules/ansi-font": {
      "version": "0.0.2",
      "resolved": "https://registry.npmjs.org/ansi-font/-/ansi-font-0.0.2.tgz",
      "integrity": "sha1-iQMBvVhBRi/TnAt3Ca/R9SUUMzE=",
      "dev": true,
      "engines": {
        "node": ">=0.4.x"
      }
    },
    "node_modules/cadence": {
      "version": "1.0.12",
      "resolved": "https://registry.npmjs.org/cadence/-/cadence-1.0.12.tgz",
      "integrity": "sha512-9YJbhySTUaMBKz3IVcXbpw70K7swnBlD/LFY59zfwZ5U5sHXvZQUCCHSPdENdCKQ4XmN+GpFJrGF/yBZ73jMMw==",
      "dev": true
    },
    "node_modules/eject": {
      "version": "0.0.4",
      "resolved": "https://registry.npmjs.org/eject/-/eject-0.0.4.tgz",
      "integrity": "sha1-utfDNSLmP+ljzLcT0MsO56l12Ps=",
      "dev": true,
      "dependencies": {
        "adhere": "1.x",
        "cadence": "1.x",
        "interrupt": "1.x"
      }
    },
    "node_modules/interrupt": {
      "version": "1.2.0",
      "resolved": "https://registry.npmjs.org/interrupt/-/interrupt-1.2.0.tgz",
      "integrity": "sha1-j44NDPuhkOdGgugtjwQ5IFpnAgk=",
      "dev": true,
      "dependencies": {
        "supersede": "1.x"
      }
    },
    "node_modules/supersede": {
      "version": "1.0.6",
      "resolved": "https://registry.npmjs.org/supersede/-/supersede-1.0.6.tgz",
      "integrity": "sha512-68MKSJ+nGtjpQS7ckOvFiCydPY+2sz6iXmC3+/BkCqnaA/UtGOkcY2H5WOKZF9Xo5GUU+LK9ZfSzXVOre9H0rQ==",
      "dev": true
    },
    "node_modules/test": {
      "version": "0.6.0",
      "resolved": "https://registry.npmjs.org/test/-/test-0.6.0.tgz",
      "integrity": "sha1-WYasRF7Bd1QyJRLRBLoyyKY+k44=",
      "dev": true,
      "dependencies": {
        "ansi-font": "0.0.2"
      }
    }
  },
  "dependencies": {
    "adhere": {
      "version": "1.2.3",
      "resolved": "https://registry.npmjs.org/adhere/-/adhere-1.2.3.tgz",
      "integrity": "sha512-1ItBtLjSW2yNZ6gSaHeir5X3Om77u9H2iQuGoPMMHZMGpzTARRFMqPqr5Lz4LVMFWOBZO6U4P9GG7A8+j7n1pw==",
      "dev": true
    },
    "ansi-font": {
      "version": "0.0.2",
      "resolved": "https://registry.npmjs.org/ansi-font/-/ansi-font-0.0.2.tgz",
      "integrity": "sha1-iQMBvVhBRi/TnAt3Ca/R9SUUMzE=",
      "dev": true
    },
    "cadence": {
      "version": "1.0.12",
      "resolved": "https://registry.npmjs.org/cadence/-/cadence-1.0.12.tgz",
      "integrity": "sha512-9YJbhySTUaMBKz3IVcXbpw70K7swnBlD/LFY59zfwZ5U5sHXvZQUCCHSPdENdCKQ4XmN+GpFJrGF/yBZ73jMMw==",
      "dev": true
    },
    "eject": {
      "version": "0.0.4",
      "resolved": "https://registry.npmjs.org/eject/-/eject-0.0.4.tgz",
      "integrity": "sha1-utfDNSLmP+ljzLcT0MsO56l12Ps=",
      "dev": true,
      "requires": {
        "adhere": "1.x",
        "cadence": "1.x",
        "interrupt": "1.x"
      }
    },
    "interrupt": {
      "version": "1.2.0",
      "resolved": "https://registry.npmjs.org/interrupt/-/interrupt-1.2.0.tgz",
      "integrity": "sha1-j44NDPuhkOdGgugtjwQ5IFpnAgk=",
      "dev": true,
      "requires": {
        "supersede": "1.x"
      }
    },
    "supersede": {
      "version": "1.0.6",
      "resolved": "https://registry.npmjs.org/supersede/-/supersede-1.0.6.tgz",
      "integrity": "sha512-68MKSJ+nGtjpQS7ckOvFiCydPY+2sz6iXmC3+/BkCqnaA/UtGOkcY2H5WOKZF9Xo5GUU+LK9ZfSzXVOre9H0rQ==",
      "dev": true
    },
    "test": {
      "version": "0.6.0",
      "resolved": "https://registry.npmjs.org/test/-/test-0.6.0.tgz",
      "integrity": "sha1-WYasRF7Bd1QyJRLRBLoyyKY+k44=",
      "dev": true,
      "requires": {
        "ansi-font": "0.0.2"
      }
    }
  }
}
